
Microsoft Visual Studio Solution File, Format Version 12.00
# Visual Studio 2012
Project("{FAE04EC0-301F-11D3-BF4B-00C04F79EFBC}") = "MLPAutoComplete", "MLPAutoCompleteTextField\MLPAutoComplete.csproj", "{A888663F-0609-4C2E-9371-FAB29379D3DA}"
EndProject
Project("{2150E333-8FDC-42A3-9474-1A3956D46DE8}") = "Samples", "Samples", "{64B096D4-15CF-443B-B715-332C0B3641C9}"
EndProject
Project("{FAE04EC0-301F-11D3-BF4B-00C04F79EFBC}") = "testapp", "testapp\testapp.csproj", "{70A55997-182B-409F-907E-E019D7A1964E}"
EndProject
Project("{FAE04EC0-301F-11D3-BF4B-00C04F79EFBC}") = "googlelocation", "testapp\googlelocation\googlelocation.csproj", "{E2910283-F6C2-49C6-AB20-505060FDDFC9}"
EndProject
Global
	GlobalSection(SolutionConfigurationPlatforms) = preSolution
		Debug|Any CPU = Debug|Any CPU
		Release|Any CPU = Release|Any CPU
		Debug|iPhoneSimulator = Debug|iPhoneSimulator
		Release|iPhone = Release|iPhone
		Release|iPhoneSimulator = Release|iPhoneSimulator
		Debug|iPhone = Debug|iPhone
	EndGlobalSection
	GlobalSection(ProjectConfigurationPlatforms) = postSolution
		{70A55997-182B-409F-907E-E019D7A1964E}.Debug|Any CPU.ActiveCfg = Debug|iPhoneSimulator
		{70A55997-182B-409F-907E-E019D7A1964E}.Debug|Any CPU.Build.0 = Debug|iPhoneSimulator
		{70A55997-182B-409F-907E-E019D7A1964E}.Debug|iPhone.ActiveCfg = Debug|iPhone
		{70A55997-182B-409F-907E-E019D7A1964E}.Debug|iPhone.Build.0 = Debug|iPhone
		{70A55997-182B-409F-907E-E019D7A1964E}.Debug|iPhoneSimulator.ActiveCfg = Debug|iPhoneSimulator
		{70A55997-182B-409F-907E-E019D7A1964E}.Debug|iPhoneSimulator.Build.0 = Debug|iPhoneSimulator
		{70A55997-182B-409F-907E-E019D7A1964E}.Release|Any CPU.ActiveCfg = Release|iPhone
		{70A55997-182B-409F-907E-E019D7A1964E}.Release|Any CPU.Build.0 = Release|iPhone
		{70A55997-182B-409F-907E-E019D7A1964E}.Release|iPhone.ActiveCfg = Release|iPhone
		{70A55997-182B-409F-907E-E019D7A1964E}.Release|iPhone.Build.0 = Release|iPhone
		{70A55997-182B-409F-907E-E019D7A1964E}.Release|iPhoneSimulator.ActiveCfg = Release|iPhoneSimulator
		{70A55997-182B-409F-907E-E019D7A1964E}.Release|iPhoneSimulator.Build.0 = Release|iPhoneSimulator
		{A888663F-0609-4C2E-9371-FAB29379D3DA}.Debug|Any CPU.ActiveCfg = Debug|Any CPU
		{A888663F-0609-4C2E-9371-FAB29379D3DA}.Debug|Any CPU.Build.0 = Debug|Any CPU
		{A888663F-0609-4C2E-9371-FAB29379D3DA}.Debug|iPhone.ActiveCfg = Debug|Any CPU
		{A888663F-0609-4C2E-9371-FAB29379D3DA}.Debug|iPhone.Build.0 = Debug|Any CPU
		{A888663F-0609-4C2E-9371-FAB29379D3DA}.Debug|iPhoneSimulator.ActiveCfg = Debug|Any CPU
		{A888663F-0609-4C2E-9371-FAB29379D3DA}.Debug|iPhoneSimulator.Build.0 = Debug|Any CPU
		{A888663F-0609-4C2E-9371-FAB29379D3DA}.Release|Any CPU.ActiveCfg = Release|Any CPU
		{A888663F-0609-4C2E-9371-FAB29379D3DA}.Release|Any CPU.Build.0 = Release|Any CPU
		{A888663F-0609-4C2E-9371-FAB29379D3DA}.Release|iPhone.ActiveCfg = Release|Any CPU
		{A888663F-0609-4C2E-9371-FAB29379D3DA}.Release|iPhone.Build.0 = Release|Any CPU
		{A888663F-0609-4C2E-9371-FAB29379D3DA}.Release|iPhoneSimulator.ActiveCfg = Release|Any CPU
		{A888663F-0609-4C2E-9371-FAB29379D3DA}.Release|iPhoneSimulator.Build.0 = Release|Any CPU
		{E2910283-F6C2-49C6-AB20-505060FDDFC9}.Debug|Any CPU.ActiveCfg = Debug|iPhoneSimulator
		{E2910283-F6C2-49C6-AB20-505060FDDFC9}.Debug|Any CPU.Build.0 = Debug|iPhoneSimulator
		{E2910283-F6C2-49C6-AB20-505060FDDFC9}.Debug|iPhone.ActiveCfg = Debug|iPhone
		{E2910283-F6C2-49C6-AB20-505060FDDFC9}.Debug|iPhone.Build.0 = Debug|iPhone
		{E2910283-F6C2-49C6-AB20-505060FDDFC9}.Debug|iPhoneSimulator.ActiveCfg = Debug|iPhoneSimulator
		{E2910283-F6C2-49C6-AB20-505060FDDFC9}.Debug|iPhoneSimulator.Build.0 = Debug|iPhoneSimulator
		{E2910283-F6C2-49C6-AB20-505060FDDFC9}.Release|Any CPU.ActiveCfg = Release|iPhone
		{E2910283-F6C2-49C6-AB20-505060FDDFC9}.Release|Any CPU.Build.0 = Release|iPhone
		{E2910283-F6C2-49C6-AB20-505060FDDFC9}.Release|iPhone.ActiveCfg = Release|iPhone
		{E2910283-F6C2-49C6-AB20-505060FDDFC9}.Release|iPhone.Build.0 = Release|iPhone
		{E2910283-F6C2-49C6-AB20-505060FDDFC9}.Release|iPhoneSimulator.ActiveCfg = Release|iPhoneSimulator
		{E2910283-F6C2-49C6-AB20-505060FDDFC9}.Release|iPhoneSimulator.Build.0 = Release|iPhoneSimulator
	EndGlobalSection
	GlobalSection(NestedProjects) = preSolution
		{70A55997-182B-409F-907E-E019D7A1964E} = {64B096D4-15CF-443B-B715-332C0B3641C9}
		{E2910283-F6C2-49C6-AB20-505060FDDFC9} = {64B096D4-15CF-443B-B715-332C0B3641C9}
	EndGlobalSection
EndGlobal
